
Microsoft Visual Studio Solution File, Format Version 12.00
# Visual Studio Version 17
VisualStudioVersion = 17.8.34330.188
MinimumVisualStudioVersion = 10.0.40219.1
Project("{FAE04EC0-301F-11D3-BF4B-00C04F79EFBC}") = "ApiCorePersonas", "ApiCorePersonas\ApiCorePersonas.csproj", "{AF6A14BD-B576-412E-AB81-26B90744DB36}"
EndProject
Global
	GlobalSection(SolutionConfigurationPlatforms) = preSolution
		Debug|Any CPU = Debug|Any CPU
		Release|Any CPU = Release|Any CPU
	EndGlobalSection
	GlobalSection(ProjectConfigurationPlatforms) = postSolution
		{AF6A14BD-B576-412E-AB81-26B90744DB36}.Debug|Any CPU.ActiveCfg = Debug|Any CPU
		{AF6A14BD-B576-412E-AB81-26B90744DB36}.Debug|Any CPU.Build.0 = Debug|Any CPU
		{AF6A14BD-B576-412E-AB81-26B90744DB36}.Release|Any CPU.ActiveCfg = Release|Any CPU
		{AF6A14BD-B576-412E-AB81-26B90744DB36}.Release|Any CPU.Build.0 = Release|Any CPU
	EndGlobalSection
	GlobalSection(SolutionProperties) = preSolution
		HideSolutionNode = FALSE
	EndGlobalSection
	GlobalSection(ExtensibilityGlobals) = postSolution
		SolutionGuid = {79C2A7C5-259A-4F9F-AD52-86ED3B0C2DE3}
	EndGlobalSection
EndGlobal
